// !$*UTF8*$!
{
	archiveVersion = 1;
	classes = {
	};
	objectVersion = 56;
	objects = {

/* Begin PBXBuildFile section */
		3E3FBD182A840A280062D2FB /* GoogleService-Info.plist in Resources */ = {isa = PBXBuildFile; fileRef = 3E3FBD172A840A280062D2FB /* GoogleService-Info.plist */; };
		3E3FBD192A840A280062D2FB /* GoogleService-Info.plist in Resources */ = {isa = PBXBuildFile; fileRef = 3E3FBD172A840A280062D2FB /* GoogleService-Info.plist */; };
		3E3FBD1A2A840A280062D2FB /* GoogleService-Info.plist in Resources */ = {isa = PBXBuildFile; fileRef = 3E3FBD172A840A280062D2FB /* GoogleService-Info.plist */; };
		3E46A4922A6EA9B00077EB2D /* AccountTab.swift in Sources */ = {isa = PBXBuildFile; fileRef = 3E46A4912A6EA9B00077EB2D /* AccountTab.swift */; };
		3E46A4952A6EAB5A0077EB2D /* ProfilePicture.swift in Sources */ = {isa = PBXBuildFile; fileRef = 3E46A4942A6EAB5A0077EB2D /* ProfilePicture.swift */; };
		3E46A4972A6EB95A0077EB2D /* StreakView.swift in Sources */ = {isa = PBXBuildFile; fileRef = 3E46A4962A6EB95A0077EB2D /* StreakView.swift */; };
		3E46A49A2A6EBDB10077EB2D /* ProfileInterface.swift in Sources */ = {isa = PBXBuildFile; fileRef = 3E46A4992A6EBDB10077EB2D /* ProfileInterface.swift */; };
		3E46A49D2A6F1D850077EB2D /* UserData.swift in Sources */ = {isa = PBXBuildFile; fileRef = 3E46A49C2A6F1D850077EB2D /* UserData.swift */; };
		3E46A49F2A6F22510077EB2D /* ModelData.swift in Sources */ = {isa = PBXBuildFile; fileRef = 3E46A49E2A6F22510077EB2D /* ModelData.swift */; };
		3E46A4A12A6F251C0077EB2D /* userData.json in Resources */ = {isa = PBXBuildFile; fileRef = 3E46A4A02A6F251B0077EB2D /* userData.json */; };
		3E4860902A6C86250074AC7C /* EmailView.swift in Sources */ = {isa = PBXBuildFile; fileRef = 3E48608F2A6C86250074AC7C /* EmailView.swift */; };
		3E6EF4122A843C1A00333226 /* Measure.swift in Sources */ = {isa = PBXBuildFile; fileRef = 3E6EF4112A843C1A00333226 /* Measure.swift */; };
		3E987E2E2A68C07C005FD9B0 /* TeenfullyAppApp.swift in Sources */ = {isa = PBXBuildFile; fileRef = 3E987E2D2A68C07C005FD9B0 /* TeenfullyAppApp.swift */; };
		3E987E322A68C07D005FD9B0 /* Assets.xcassets in Resources */ = {isa = PBXBuildFile; fileRef = 3E987E312A68C07D005FD9B0 /* Assets.xcassets */; };
		3E987E352A68C07D005FD9B0 /* Preview Assets.xcassets in Resources */ = {isa = PBXBuildFile; fileRef = 3E987E342A68C07D005FD9B0 /* Preview Assets.xcassets */; };
		3E987E3F2A68C07D005FD9B0 /* TeenfullyAppTests.swift in Sources */ = {isa = PBXBuildFile; fileRef = 3E987E3E2A68C07D005FD9B0 /* TeenfullyAppTests.swift */; };
		3E987E492A68C07D005FD9B0 /* TeenfullyAppUITests.swift in Sources */ = {isa = PBXBuildFile; fileRef = 3E987E482A68C07D005FD9B0 /* TeenfullyAppUITests.swift */; };
		3E987E4B2A68C07D005FD9B0 /* TeenfullyAppUITestsLaunchTests.swift in Sources */ = {isa = PBXBuildFile; fileRef = 3E987E4A2A68C07D005FD9B0 /* TeenfullyAppUITestsLaunchTests.swift */; };
		3E987E5B2A68C1C6005FD9B0 /* dailyCheckinView.swift in Sources */ = {isa = PBXBuildFile; fileRef = 3E987E5A2A68C1C6005FD9B0 /* dailyCheckinView.swift */; };
		3E987E5D2A68CA8F005FD9B0 /* habitBuilderView.swift in Sources */ = {isa = PBXBuildFile; fileRef = 3E987E5C2A68CA8F005FD9B0 /* habitBuilderView.swift */; };
		3E987E5F2A68CB46005FD9B0 /* meditateView.swift in Sources */ = {isa = PBXBuildFile; fileRef = 3E987E5E2A68CB46005FD9B0 /* meditateView.swift */; };
		3E987E612A68CB8B005FD9B0 /* meditatingView.swift in Sources */ = {isa = PBXBuildFile; fileRef = 3E987E602A68CB8B005FD9B0 /* meditatingView.swift */; };
		3E987E632A68CBB3005FD9B0 /* libraryView.swift in Sources */ = {isa = PBXBuildFile; fileRef = 3E987E622A68CBB3005FD9B0 /* libraryView.swift */; };
		3EB85BFE2A714CC500D20273 /* MeditateBox.swift in Sources */ = {isa = PBXBuildFile; fileRef = 3EB85BFD2A714CC500D20273 /* MeditateBox.swift */; };
		3EB97A512A6F579F0089C80B /* HomeScreenView.swift in Sources */ = {isa = PBXBuildFile; fileRef = 3EB97A502A6F579F0089C80B /* HomeScreenView.swift */; };
		3EB97A532A6F57FD0089C80B /* ContentView.swift in Sources */ = {isa = PBXBuildFile; fileRef = 3EB97A522A6F57FD0089C80B /* ContentView.swift */; };
		3EB97A562A6F5ED80089C80B /* TwoQuestionView.swift in Sources */ = {isa = PBXBuildFile; fileRef = 3EB97A552A6F5ED80089C80B /* TwoQuestionView.swift */; };
		3EB97A582A6F67200089C80B /* Questions.swift in Sources */ = {isa = PBXBuildFile; fileRef = 3EB97A572A6F67200089C80B /* Questions.swift */; };
		3EB97A5A2A6F691E0089C80B /* dailyQuestionData.json in Resources */ = {isa = PBXBuildFile; fileRef = 3EB97A592A6F691E0089C80B /* dailyQuestionData.json */; };
		3EB97A5C2A6F6C750089C80B /* ThreeQuestionView.swift in Sources */ = {isa = PBXBuildFile; fileRef = 3EB97A5B2A6F6C750089C80B /* ThreeQuestionView.swift */; };
		3EC1A7592A6C0D51000C8690 /* SignInView.swift in Sources */ = {isa = PBXBuildFile; fileRef = 3EC1A7582A6C0D51000C8690 /* SignInView.swift */; };
		3EC1A7992A6C58D4000C8690 /* FirebaseAnalytics in Frameworks */ = {isa = PBXBuildFile; productRef = 3EC1A7982A6C58D4000C8690 /* FirebaseAnalytics */; };
		3EC1A79B2A6C58D4000C8690 /* FirebaseAnalyticsOnDeviceConversion in Frameworks */ = {isa = PBXBuildFile; productRef = 3EC1A79A2A6C58D4000C8690 /* FirebaseAnalyticsOnDeviceConversion */; };
		3EC1A79D2A6C58D4000C8690 /* FirebaseAnalyticsSwift in Frameworks */ = {isa = PBXBuildFile; productRef = 3EC1A79C2A6C58D4000C8690 /* FirebaseAnalyticsSwift */; };
		3EC1A79F2A6C58D4000C8690 /* FirebaseAnalyticsWithoutAdIdSupport in Frameworks */ = {isa = PBXBuildFile; productRef = 3EC1A79E2A6C58D4000C8690 /* FirebaseAnalyticsWithoutAdIdSupport */; };
		3EC1A7A12A6C58D4000C8690 /* FirebaseAppCheck in Frameworks */ = {isa = PBXBuildFile; productRef = 3EC1A7A02A6C58D4000C8690 /* FirebaseAppCheck */; };
		3EC1A7A32A6C58D4000C8690 /* FirebaseAppDistribution-Beta in Frameworks */ = {isa = PBXBuildFile; productRef = 3EC1A7A22A6C58D4000C8690 /* FirebaseAppDistribution-Beta */; };
		3EC1A7A52A6C58D4000C8690 /* FirebaseAuth in Frameworks */ = {isa = PBXBuildFile; productRef = 3EC1A7A42A6C58D4000C8690 /* FirebaseAuth */; };
		3EC1A7A72A6C58D4000C8690 /* FirebaseAuthCombine-Community in Frameworks */ = {isa = PBXBuildFile; productRef = 3EC1A7A62A6C58D4000C8690 /* FirebaseAuthCombine-Community */; };
		3EC1A7A92A6C58D4000C8690 /* FirebaseCrashlytics in Frameworks */ = {isa = PBXBuildFile; productRef = 3EC1A7A82A6C58D4000C8690 /* FirebaseCrashlytics */; };
		3EC1A7AB2A6C58D4000C8690 /* FirebaseDatabase in Frameworks */ = {isa = PBXBuildFile; productRef = 3EC1A7AA2A6C58D4000C8690 /* FirebaseDatabase */; };
		3EC1A7AD2A6C58D4000C8690 /* FirebaseDatabaseSwift in Frameworks */ = {isa = PBXBuildFile; productRef = 3EC1A7AC2A6C58D4000C8690 /* FirebaseDatabaseSwift */; };
		3EC1A7AF2A6C58D4000C8690 /* FirebaseDynamicLinks in Frameworks */ = {isa = PBXBuildFile; productRef = 3EC1A7AE2A6C58D4000C8690 /* FirebaseDynamicLinks */; };
		3EC1A7B12A6C58D4000C8690 /* FirebaseFirestore in Frameworks */ = {isa = PBXBuildFile; productRef = 3EC1A7B02A6C58D4000C8690 /* FirebaseFirestore */; };
		3EC1A7B32A6C58D4000C8690 /* FirebaseFirestoreCombine-Community in Frameworks */ = {isa = PBXBuildFile; productRef = 3EC1A7B22A6C58D4000C8690 /* FirebaseFirestoreCombine-Community */; };
		3EC1A7B52A6C58D4000C8690 /* FirebaseFirestoreSwift in Frameworks */ = {isa = PBXBuildFile; productRef = 3EC1A7B42A6C58D4000C8690 /* FirebaseFirestoreSwift */; };
		3EC1A7B72A6C58D4000C8690 /* FirebaseFunctions in Frameworks */ = {isa = PBXBuildFile; productRef = 3EC1A7B62A6C58D4000C8690 /* FirebaseFunctions */; };
		3EC1A7B92A6C58D4000C8690 /* FirebaseFunctionsCombine-Community in Frameworks */ = {isa = PBXBuildFile; productRef = 3EC1A7B82A6C58D4000C8690 /* FirebaseFunctionsCombine-Community */; };
		3EC1A7BB2A6C58D4000C8690 /* FirebaseInAppMessaging-Beta in Frameworks */ = {isa = PBXBuildFile; productRef = 3EC1A7BA2A6C58D4000C8690 /* FirebaseInAppMessaging-Beta */; };
		3EC1A7BD2A6C58D4000C8690 /* FirebaseInAppMessagingSwift-Beta in Frameworks */ = {isa = PBXBuildFile; productRef = 3EC1A7BC2A6C58D4000C8690 /* FirebaseInAppMessagingSwift-Beta */; };
		3EC1A7BF2A6C58D4000C8690 /* FirebaseInstallations in Frameworks */ = {isa = PBXBuildFile; productRef = 3EC1A7BE2A6C58D4000C8690 /* FirebaseInstallations */; };
		3EC1A7C12A6C58D4000C8690 /* FirebaseMLModelDownloader in Frameworks */ = {isa = PBXBuildFile; productRef = 3EC1A7C02A6C58D4000C8690 /* FirebaseMLModelDownloader */; };
		3EC1A7C32A6C58D4000C8690 /* FirebaseMessaging in Frameworks */ = {isa = PBXBuildFile; productRef = 3EC1A7C22A6C58D4000C8690 /* FirebaseMessaging */; };
		3EC1A7C52A6C58D4000C8690 /* FirebasePerformance in Frameworks */ = {isa = PBXBuildFile; productRef = 3EC1A7C42A6C58D4000C8690 /* FirebasePerformance */; };
		3EC1A7C72A6C58D4000C8690 /* FirebaseRemoteConfig in Frameworks */ = {isa = PBXBuildFile; productRef = 3EC1A7C62A6C58D4000C8690 /* FirebaseRemoteConfig */; };
		3EC1A7C92A6C58D4000C8690 /* FirebaseRemoteConfigSwift in Frameworks */ = {isa = PBXBuildFile; productRef = 3EC1A7C82A6C58D4000C8690 /* FirebaseRemoteConfigSwift */; };
		3EC1A7CB2A6C58D4000C8690 /* FirebaseStorage in Frameworks */ = {isa = PBXBuildFile; productRef = 3EC1A7CA2A6C58D4000C8690 /* FirebaseStorage */; };
		3EC1A7CD2A6C58D4000C8690 /* FirebaseStorageCombine-Community in Frameworks */ = {isa = PBXBuildFile; productRef = 3EC1A7CC2A6C58D4000C8690 /* FirebaseStorageCombine-Community */; };
		3EF9A5D32A700F280095C20A /* UserModel.swift in Sources */ = {isa = PBXBuildFile; fileRef = 3EF9A5D22A700F280095C20A /* UserModel.swift */; };
		3EF9A5D92A7012AC0095C20A /* TestEmailView.swift in Sources */ = {isa = PBXBuildFile; fileRef = 3EF9A5D82A7012AC0095C20A /* TestEmailView.swift */; };
		3EF9A5DB2A7062100095C20A /* EmailPwdSignIn.swift in Sources */ = {isa = PBXBuildFile; fileRef = 3EF9A5DA2A7062100095C20A /* EmailPwdSignIn.swift */; };
		3EF9A5DD2A70A98F0095C20A /* LinkLess.swift in Sources */ = {isa = PBXBuildFile; fileRef = 3EF9A5DC2A70A98F0095C20A /* LinkLess.swift */; };
		3EF9A5E02A70B5190095C20A /* Habits.swift in Sources */ = {isa = PBXBuildFile; fileRef = 3EF9A5DF2A70B5190095C20A /* Habits.swift */; };
		A61057FB2A7B05D900C90E36 /* GoogleSignIn in Frameworks */ = {isa = PBXBuildFile; productRef = A61057FA2A7B05D900C90E36 /* GoogleSignIn */; };
		A61057FD2A7B05D900C90E36 /* GoogleSignInSwift in Frameworks */ = {isa = PBXBuildFile; productRef = A61057FC2A7B05D900C90E36 /* GoogleSignInSwift */; };
		A61057FF2A7C1F3400C90E36 /* SignUpView.swift in Sources */ = {isa = PBXBuildFile; fileRef = A61057FE2A7C1F3400C90E36 /* SignUpView.swift */; };
		A61058012A7C7EEC00C90E36 /* FirebaseManager.swift in Sources */ = {isa = PBXBuildFile; fileRef = A61058002A7C7EEC00C90E36 /* FirebaseManager.swift */; };
		A6EAB8C72A7DA05E00B5AEBC /* Articles.swift in Sources */ = {isa = PBXBuildFile; fileRef = A6EAB8C62A7DA05E00B5AEBC /* Articles.swift */; };
		A6EAB8C92A7DA10700B5AEBC /* articles.json in Resources */ = {isa = PBXBuildFile; fileRef = A6EAB8C82A7DA10700B5AEBC /* articles.json */; };
		A6EAB8CB2A7DA12500B5AEBC /* Article.swift in Sources */ = {isa = PBXBuildFile; fileRef = A6EAB8CA2A7DA12500B5AEBC /* Article.swift */; };
		A6EAB8CD2A7DABCA00B5AEBC /* ArticleView.swift in Sources */ = {isa = PBXBuildFile; fileRef = A6EAB8CC2A7DABCA00B5AEBC /* ArticleView.swift */; };
/* End PBXBuildFile section */

/* Begin PBXContainerItemProxy section */
		3E987E3B2A68C07D005FD9B0 /* PBXContainerItemProxy */ = {
			isa = PBXContainerItemProxy;
			containerPortal = 3E987E222A68C07C005FD9B0 /* Project object */;
			proxyType = 1;
			remoteGlobalIDString = 3E987E292A68C07C005FD9B0;
			remoteInfo = TeenfullyApp;
		};
		3E987E452A68C07D005FD9B0 /* PBXContainerItemProxy */ = {
			isa = PBXContainerItemProxy;
			containerPortal = 3E987E222A68C07C005FD9B0 /* Project object */;
			proxyType = 1;
			remoteGlobalIDString = 3E987E292A68C07C005FD9B0;
			remoteInfo = TeenfullyApp;
		};
/* End PBXContainerItemProxy section */

/* Begin PBXFileReference section */
		3E3FBD172A840A280062D2FB /* GoogleService-Info.plist */ = {isa = PBXFileReference; fileEncoding = 4; lastKnownFileType = text.plist.xml; path = "GoogleService-Info.plist"; sourceTree = "<group>"; };
		3E46A4912A6EA9B00077EB2D /* AccountTab.swift */ = {isa = PBXFileReference; lastKnownFileType = sourcecode.swift; path = AccountTab.swift; sourceTree = "<group>"; };
		3E46A4942A6EAB5A0077EB2D /* ProfilePicture.swift */ = {isa = PBXFileReference; lastKnownFileType = sourcecode.swift; path = ProfilePicture.swift; sourceTree = "<group>"; };
		3E46A4962A6EB95A0077EB2D /* StreakView.swift */ = {isa = PBXFileReference; lastKnownFileType = sourcecode.swift; path = StreakView.swift; sourceTree = "<group>"; };
		3E46A4992A6EBDB10077EB2D /* ProfileInterface.swift */ = {isa = PBXFileReference; lastKnownFileType = sourcecode.swift; path = ProfileInterface.swift; sourceTree = "<group>"; };
		3E46A49C2A6F1D850077EB2D /* UserData.swift */ = {isa = PBXFileReference; lastKnownFileType = sourcecode.swift; path = UserData.swift; sourceTree = "<group>"; };
		3E46A49E2A6F22510077EB2D /* ModelData.swift */ = {isa = PBXFileReference; lastKnownFileType = sourcecode.swift; path = ModelData.swift; sourceTree = "<group>"; };
		3E46A4A02A6F251B0077EB2D /* userData.json */ = {isa = PBXFileReference; fileEncoding = 4; lastKnownFileType = text.json; path = userData.json; sourceTree = "<group>"; };
		3E48608F2A6C86250074AC7C /* EmailView.swift */ = {isa = PBXFileReference; lastKnownFileType = sourcecode.swift; path = EmailView.swift; sourceTree = "<group>"; };
		3E6EF4112A843C1A00333226 /* Measure.swift */ = {isa = PBXFileReference; lastKnownFileType = sourcecode.swift; path = Measure.swift; sourceTree = "<group>"; };
		3E987E2A2A68C07C005FD9B0 /* TeenfullyApp.app */ = {isa = PBXFileReference; explicitFileType = wrapper.application; includeInIndex = 0; path = TeenfullyApp.app; sourceTree = BUILT_PRODUCTS_DIR; };
		3E987E2D2A68C07C005FD9B0 /* TeenfullyAppApp.swift */ = {isa = PBXFileReference; lastKnownFileType = sourcecode.swift; path = TeenfullyAppApp.swift; sourceTree = "<group>"; };
		3E987E312A68C07D005FD9B0 /* Assets.xcassets */ = {isa = PBXFileReference; lastKnownFileType = folder.assetcatalog; path = Assets.xcassets; sourceTree = "<group>"; };
		3E987E342A68C07D005FD9B0 /* Preview Assets.xcassets */ = {isa = PBXFileReference; lastKnownFileType = folder.assetcatalog; path = "Preview Assets.xcassets"; sourceTree = "<group>"; };
		3E987E3A2A68C07D005FD9B0 /* TeenfullyAppTests.xctest */ = {isa = PBXFileReference; explicitFileType = wrapper.cfbundle; includeInIndex = 0; path = TeenfullyAppTests.xctest; sourceTree = BUILT_PRODUCTS_DIR; };
		3E987E3E2A68C07D005FD9B0 /* TeenfullyAppTests.swift */ = {isa = PBXFileReference; lastKnownFileType = sourcecode.swift; path = TeenfullyAppTests.swift; sourceTree = "<group>"; };
		3E987E442A68C07D005FD9B0 /* TeenfullyAppUITests.xctest */ = {isa = PBXFileReference; explicitFileType = wrapper.cfbundle; includeInIndex = 0; path = TeenfullyAppUITests.xctest; sourceTree = BUILT_PRODUCTS_DIR; };
		3E987E482A68C07D005FD9B0 /* TeenfullyAppUITests.swift */ = {isa = PBXFileReference; lastKnownFileType = sourcecode.swift; path = TeenfullyAppUITests.swift; sourceTree = "<group>"; };
		3E987E4A2A68C07D005FD9B0 /* TeenfullyAppUITestsLaunchTests.swift */ = {isa = PBXFileReference; lastKnownFileType = sourcecode.swift; path = TeenfullyAppUITestsLaunchTests.swift; sourceTree = "<group>"; };
		3E987E5A2A68C1C6005FD9B0 /* dailyCheckinView.swift */ = {isa = PBXFileReference; lastKnownFileType = sourcecode.swift; path = dailyCheckinView.swift; sourceTree = "<group>"; };
		3E987E5C2A68CA8F005FD9B0 /* habitBuilderView.swift */ = {isa = PBXFileReference; lastKnownFileType = sourcecode.swift; path = habitBuilderView.swift; sourceTree = "<group>"; };
		3E987E5E2A68CB46005FD9B0 /* meditateView.swift */ = {isa = PBXFileReference; lastKnownFileType = sourcecode.swift; path = meditateView.swift; sourceTree = "<group>"; };
		3E987E602A68CB8B005FD9B0 /* meditatingView.swift */ = {isa = PBXFileReference; lastKnownFileType = sourcecode.swift; path = meditatingView.swift; sourceTree = "<group>"; };
		3E987E622A68CBB3005FD9B0 /* libraryView.swift */ = {isa = PBXFileReference; lastKnownFileType = sourcecode.swift; path = libraryView.swift; sourceTree = "<group>"; };
		3EB85BFD2A714CC500D20273 /* MeditateBox.swift */ = {isa = PBXFileReference; lastKnownFileType = sourcecode.swift; path = MeditateBox.swift; sourceTree = "<group>"; };
		3EB97A502A6F579F0089C80B /* HomeScreenView.swift */ = {isa = PBXFileReference; lastKnownFileType = sourcecode.swift; path = HomeScreenView.swift; sourceTree = "<group>"; };
		3EB97A522A6F57FD0089C80B /* ContentView.swift */ = {isa = PBXFileReference; lastKnownFileType = sourcecode.swift; path = ContentView.swift; sourceTree = "<group>"; };
		3EB97A552A6F5ED80089C80B /* TwoQuestionView.swift */ = {isa = PBXFileReference; lastKnownFileType = sourcecode.swift; path = TwoQuestionView.swift; sourceTree = "<group>"; };
		3EB97A572A6F67200089C80B /* Questions.swift */ = {isa = PBXFileReference; lastKnownFileType = sourcecode.swift; path = Questions.swift; sourceTree = "<group>"; };
		3EB97A592A6F691E0089C80B /* dailyQuestionData.json */ = {isa = PBXFileReference; fileEncoding = 4; lastKnownFileType = text.json; path = dailyQuestionData.json; sourceTree = "<group>"; };
		3EB97A5B2A6F6C750089C80B /* ThreeQuestionView.swift */ = {isa = PBXFileReference; lastKnownFileType = sourcecode.swift; path = ThreeQuestionView.swift; sourceTree = "<group>"; };
		3EC1A7582A6C0D51000C8690 /* SignInView.swift */ = {isa = PBXFileReference; lastKnownFileType = sourcecode.swift; path = SignInView.swift; sourceTree = "<group>"; };
		3EF9A5D22A700F280095C20A /* UserModel.swift */ = {isa = PBXFileReference; lastKnownFileType = sourcecode.swift; path = UserModel.swift; sourceTree = "<group>"; };
		3EF9A5D82A7012AC0095C20A /* TestEmailView.swift */ = {isa = PBXFileReference; fileEncoding = 4; lastKnownFileType = sourcecode.swift; path = TestEmailView.swift; sourceTree = "<group>"; };
		3EF9A5DA2A7062100095C20A /* EmailPwdSignIn.swift */ = {isa = PBXFileReference; lastKnownFileType = sourcecode.swift; path = EmailPwdSignIn.swift; sourceTree = "<group>"; };
		3EF9A5DC2A70A98F0095C20A /* LinkLess.swift */ = {isa = PBXFileReference; lastKnownFileType = sourcecode.swift; path = LinkLess.swift; sourceTree = "<group>"; };
		3EF9A5DF2A70B5190095C20A /* Habits.swift */ = {isa = PBXFileReference; lastKnownFileType = sourcecode.swift; path = Habits.swift; sourceTree = "<group>"; };
		A61057F82A7AFB3300C90E36 /* Info.plist */ = {isa = PBXFileReference; lastKnownFileType = text.plist; path = Info.plist; sourceTree = "<group>"; };
		A61057FE2A7C1F3400C90E36 /* SignUpView.swift */ = {isa = PBXFileReference; lastKnownFileType = sourcecode.swift; path = SignUpView.swift; sourceTree = "<group>"; };
		A61058002A7C7EEC00C90E36 /* FirebaseManager.swift */ = {isa = PBXFileReference; lastKnownFileType = sourcecode.swift; path = FirebaseManager.swift; sourceTree = "<group>"; };
		A651BFDE2A83FD570005913D /* GoogleService-Info.plist */ = {isa = PBXFileReference; fileEncoding = 4; lastKnownFileType = text.plist.xml; path = "GoogleService-Info.plist"; sourceTree = "<group>"; };
		A651C0532A86FF190005913D /* Rick Roll Sound Effect.mp3 */ = {isa = PBXFileReference; lastKnownFileType = audio.mp3; path = "Rick Roll Sound Effect.mp3"; sourceTree = "<group>"; };
		A676B9DB2A830C640070E310 /* TeenfullyApp.entitlements */ = {isa = PBXFileReference; lastKnownFileType = text.plist.entitlements; path = TeenfullyApp.entitlements; sourceTree = "<group>"; };
		A6EAB8C62A7DA05E00B5AEBC /* Articles.swift */ = {isa = PBXFileReference; lastKnownFileType = sourcecode.swift; path = Articles.swift; sourceTree = "<group>"; };
		A6EAB8C82A7DA10700B5AEBC /* articles.json */ = {isa = PBXFileReference; lastKnownFileType = text.json; path = articles.json; sourceTree = "<group>"; };
		A6EAB8CA2A7DA12500B5AEBC /* Article.swift */ = {isa = PBXFileReference; lastKnownFileType = sourcecode.swift; path = Article.swift; sourceTree = "<group>"; };
		A6EAB8CC2A7DABCA00B5AEBC /* ArticleView.swift */ = {isa = PBXFileReference; lastKnownFileType = sourcecode.swift; path = ArticleView.swift; sourceTree = "<group>"; };
/* End PBXFileReference section */

/* Begin PBXFrameworksBuildPhase section */
		3E987E272A68C07C005FD9B0 /* Frameworks */ = {
			isa = PBXFrameworksBuildPhase;
			buildActionMask = 2147483647;
			files = (
				3EC1A7AB2A6C58D4000C8690 /* FirebaseDatabase in Frameworks */,
				3EC1A7B92A6C58D4000C8690 /* FirebaseFunctionsCombine-Community in Frameworks */,
				3EC1A7B12A6C58D4000C8690 /* FirebaseFirestore in Frameworks */,
				3EC1A79D2A6C58D4000C8690 /* FirebaseAnalyticsSwift in Frameworks */,
				3EC1A7992A6C58D4000C8690 /* FirebaseAnalytics in Frameworks */,
				3EC1A79B2A6C58D4000C8690 /* FirebaseAnalyticsOnDeviceConversion in Frameworks */,
				3EC1A7C12A6C58D4000C8690 /* FirebaseMLModelDownloader in Frameworks */,
				A61057FD2A7B05D900C90E36 /* GoogleSignInSwift in Frameworks */,
				3EC1A7B52A6C58D4000C8690 /* FirebaseFirestoreSwift in Frameworks */,
				3EC1A7A12A6C58D4000C8690 /* FirebaseAppCheck in Frameworks */,
				3EC1A79F2A6C58D4000C8690 /* FirebaseAnalyticsWithoutAdIdSupport in Frameworks */,
				3EC1A7A52A6C58D4000C8690 /* FirebaseAuth in Frameworks */,
				3EC1A7A92A6C58D4000C8690 /* FirebaseCrashlytics in Frameworks */,
				3EC1A7C92A6C58D4000C8690 /* FirebaseRemoteConfigSwift in Frameworks */,
				A61057FB2A7B05D900C90E36 /* GoogleSignIn in Frameworks */,
				3EC1A7BB2A6C58D4000C8690 /* FirebaseInAppMessaging-Beta in Frameworks */,
				3EC1A7AD2A6C58D4000C8690 /* FirebaseDatabaseSwift in Frameworks */,
				3EC1A7B72A6C58D4000C8690 /* FirebaseFunctions in Frameworks */,
				3EC1A7CD2A6C58D4000C8690 /* FirebaseStorageCombine-Community in Frameworks */,
				3EC1A7C72A6C58D4000C8690 /* FirebaseRemoteConfig in Frameworks */,
				3EC1A7A32A6C58D4000C8690 /* FirebaseAppDistribution-Beta in Frameworks */,
				3EC1A7A72A6C58D4000C8690 /* FirebaseAuthCombine-Community in Frameworks */,
				3EC1A7C52A6C58D4000C8690 /* FirebasePerformance in Frameworks */,
				3EC1A7BD2A6C58D4000C8690 /* FirebaseInAppMessagingSwift-Beta in Frameworks */,
				3EC1A7CB2A6C58D4000C8690 /* FirebaseStorage in Frameworks */,
				3EC1A7AF2A6C58D4000C8690 /* FirebaseDynamicLinks in Frameworks */,
				3EC1A7B32A6C58D4000C8690 /* FirebaseFirestoreCombine-Community in Frameworks */,
				3EC1A7C32A6C58D4000C8690 /* FirebaseMessaging in Frameworks */,
				3EC1A7BF2A6C58D4000C8690 /* FirebaseInstallations in Frameworks */,
			);
			runOnlyForDeploymentPostprocessing = 0;
		};
		3E987E372A68C07D005FD9B0 /* Frameworks */ = {
			isa = PBXFrameworksBuildPhase;
			buildActionMask = 2147483647;
			files = (
			);
			runOnlyForDeploymentPostprocessing = 0;
		};
		3E987E412A68C07D005FD9B0 /* Frameworks */ = {
			isa = PBXFrameworksBuildPhase;
			buildActionMask = 2147483647;
			files = (
			);
			runOnlyForDeploymentPostprocessing = 0;
		};
/* End PBXFrameworksBuildPhase section */

/* Begin PBXGroup section */
		3E46A4932A6EAB390077EB2D /* HomeScreenTab */ = {
			isa = PBXGroup;
			children = (
				3E46A4912A6EA9B00077EB2D /* AccountTab.swift */,
				A651BFDE2A83FD570005913D /* GoogleService-Info.plist */,
				3E46A4942A6EAB5A0077EB2D /* ProfilePicture.swift */,
				3E46A4962A6EB95A0077EB2D /* StreakView.swift */,
			);
			path = HomeScreenTab;
			sourceTree = "<group>";
		};
		3E46A4982A6EBD9A0077EB2D /* ProfileView */ = {
			isa = PBXGroup;
			children = (
				3E46A4992A6EBDB10077EB2D /* ProfileInterface.swift */,
			);
			path = ProfileView;
			sourceTree = "<group>";
		};
		3E46A49B2A6F1C720077EB2D /* Models */ = {
			isa = PBXGroup;
			children = (
				3E46A49C2A6F1D850077EB2D /* UserData.swift */,
				3EB97A572A6F67200089C80B /* Questions.swift */,
				3E46A49E2A6F22510077EB2D /* ModelData.swift */,
				3EF9A5D22A700F280095C20A /* UserModel.swift */,
				A6EAB8C62A7DA05E00B5AEBC /* Articles.swift */,
				A6EAB8CA2A7DA12500B5AEBC /* Article.swift */,
				3E6EF4112A843C1A00333226 /* Measure.swift */,
			);
			path = Models;
			sourceTree = "<group>";
		};
		3E46A4A22A6F252E0077EB2D /* Data */ = {
			isa = PBXGroup;
			children = (
				3E46A4A02A6F251B0077EB2D /* userData.json */,
				A6EAB8C82A7DA10700B5AEBC /* articles.json */,
				3EB97A592A6F691E0089C80B /* dailyQuestionData.json */,
			);
			path = Data;
			sourceTree = "<group>";
		};
		3E987E212A68C07C005FD9B0 = {
			isa = PBXGroup;
			children = (
				3E987E2C2A68C07C005FD9B0 /* TeenfullyApp */,
				3E987E3D2A68C07D005FD9B0 /* TeenfullyAppTests */,
				3E987E472A68C07D005FD9B0 /* TeenfullyAppUITests */,
				3E987E2B2A68C07C005FD9B0 /* Products */,
			);
			sourceTree = "<group>";
		};
		3E987E2B2A68C07C005FD9B0 /* Products */ = {
			isa = PBXGroup;
			children = (
				3E987E2A2A68C07C005FD9B0 /* TeenfullyApp.app */,
				3E987E3A2A68C07D005FD9B0 /* TeenfullyAppTests.xctest */,
				3E987E442A68C07D005FD9B0 /* TeenfullyAppUITests.xctest */,
			);
			name = Products;
			sourceTree = "<group>";
		};
		3E987E2C2A68C07C005FD9B0 /* TeenfullyApp */ = {
			isa = PBXGroup;
			children = (
				A676B9DB2A830C640070E310 /* TeenfullyApp.entitlements */,
				A61057F82A7AFB3300C90E36 /* Info.plist */,
				3E3FBD172A840A280062D2FB /* GoogleService-Info.plist */,
				3E987E2D2A68C07C005FD9B0 /* TeenfullyAppApp.swift */,
				A651C0532A86FF190005913D /* Rick Roll Sound Effect.mp3 */,
				3E46A4A22A6F252E0077EB2D /* Data */,
				3E46A49B2A6F1C720077EB2D /* Models */,
				3E987E572A68C090005FD9B0 /* View */,
				3E987E312A68C07D005FD9B0 /* Assets.xcassets */,
				3E987E332A68C07D005FD9B0 /* Preview Content */,
				A61058002A7C7EEC00C90E36 /* FirebaseManager.swift */,
			);
			path = TeenfullyApp;
			sourceTree = "<group>";
		};
		3E987E332A68C07D005FD9B0 /* Preview Content */ = {
			isa = PBXGroup;
			children = (
				3E987E342A68C07D005FD9B0 /* Preview Assets.xcassets */,
			);
			path = "Preview Content";
			sourceTree = "<group>";
		};
		3E987E3D2A68C07D005FD9B0 /* TeenfullyAppTests */ = {
			isa = PBXGroup;
			children = (
				3E987E3E2A68C07D005FD9B0 /* TeenfullyAppTests.swift */,
			);
			path = TeenfullyAppTests;
			sourceTree = "<group>";
		};
		3E987E472A68C07D005FD9B0 /* TeenfullyAppUITests */ = {
			isa = PBXGroup;
			children = (
				3E987E482A68C07D005FD9B0 /* TeenfullyAppUITests.swift */,
				3E987E4A2A68C07D005FD9B0 /* TeenfullyAppUITestsLaunchTests.swift */,
			);
			path = TeenfullyAppUITests;
			sourceTree = "<group>";
		};
		3E987E572A68C090005FD9B0 /* View */ = {
			isa = PBXGroup;
			children = (
				3EB97A522A6F57FD0089C80B /* ContentView.swift */,
				3EB97A502A6F579F0089C80B /* HomeScreenView.swift */,
				3E987E5A2A68C1C6005FD9B0 /* dailyCheckinView.swift */,
				3E987E622A68CBB3005FD9B0 /* libraryView.swift */,
				3E987E5C2A68CA8F005FD9B0 /* habitBuilderView.swift */,
				3EB85BFC2A714C3800D20273 /* Meditation */,
				3EF9A5DE2A70B4E50095C20A /* HabitBuilder */,
				3EF9A5D82A7012AC0095C20A /* TestEmailView.swift */,
				3EB97A542A6F5EBF0089C80B /* DailyCheckin */,
				3E46A4982A6EBD9A0077EB2D /* ProfileView */,
				3EC1A7572A6C0D43000C8690 /* SIgnIn */,
				3E46A4932A6EAB390077EB2D /* HomeScreenTab */,
				A6EAB8CC2A7DABCA00B5AEBC /* ArticleView.swift */,
			);
			path = View;
			sourceTree = "<group>";
		};
		3EB85BFC2A714C3800D20273 /* Meditation */ = {
			isa = PBXGroup;
			children = (
				3E987E5E2A68CB46005FD9B0 /* meditateView.swift */,
				3EB85BFD2A714CC500D20273 /* MeditateBox.swift */,
				3E987E602A68CB8B005FD9B0 /* meditatingView.swift */,
			);
			path = Meditation;
			sourceTree = "<group>";
		};
		3EB97A542A6F5EBF0089C80B /* DailyCheckin */ = {
			isa = PBXGroup;
			children = (
				3EB97A552A6F5ED80089C80B /* TwoQuestionView.swift */,
				3EB97A5B2A6F6C750089C80B /* ThreeQuestionView.swift */,
			);
			path = DailyCheckin;
			sourceTree = "<group>";
		};
		3EC1A7572A6C0D43000C8690 /* SIgnIn */ = {
			isa = PBXGroup;
			children = (
				3EC1A7582A6C0D51000C8690 /* SignInView.swift */,
				3E48608F2A6C86250074AC7C /* EmailView.swift */,
				3EF9A5DA2A7062100095C20A /* EmailPwdSignIn.swift */,
				3EF9A5DC2A70A98F0095C20A /* LinkLess.swift */,
				A61057FE2A7C1F3400C90E36 /* SignUpView.swift */,
			);
			path = SIgnIn;
			sourceTree = "<group>";
		};
		3EF9A5DE2A70B4E50095C20A /* HabitBuilder */ = {
			isa = PBXGroup;
			children = (
				3EF9A5DF2A70B5190095C20A /* Habits.swift */,
			);
			path = HabitBuilder;
			sourceTree = "<group>";
		};
/* End PBXGroup section */

/* Begin PBXNativeTarget section */
		3E987E292A68C07C005FD9B0 /* TeenfullyApp */ = {
			isa = PBXNativeTarget;
			buildConfigurationList = 3E987E4E2A68C07D005FD9B0 /* Build configuration list for PBXNativeTarget "TeenfullyApp" */;
			buildPhases = (
				3E987E262A68C07C005FD9B0 /* Sources */,
				3E987E272A68C07C005FD9B0 /* Frameworks */,
				3E987E282A68C07C005FD9B0 /* Resources */,
			);
			buildRules = (
			);
			dependencies = (
			);
			name = TeenfullyApp;
			packageProductDependencies = (
				3EC1A7982A6C58D4000C8690 /* FirebaseAnalytics */,
				3EC1A79A2A6C58D4000C8690 /* FirebaseAnalyticsOnDeviceConversion */,
				3EC1A79C2A6C58D4000C8690 /* FirebaseAnalyticsSwift */,
				3EC1A79E2A6C58D4000C8690 /* FirebaseAnalyticsWithoutAdIdSupport */,
				3EC1A7A02A6C58D4000C8690 /* FirebaseAppCheck */,
				3EC1A7A22A6C58D4000C8690 /* FirebaseAppDistribution-Beta */,
				3EC1A7A42A6C58D4000C8690 /* FirebaseAuth */,
				3EC1A7A62A6C58D4000C8690 /* FirebaseAuthCombine-Community */,
				3EC1A7A82A6C58D4000C8690 /* FirebaseCrashlytics */,
				3EC1A7AA2A6C58D4000C8690 /* FirebaseDatabase */,
				3EC1A7AC2A6C58D4000C8690 /* FirebaseDatabaseSwift */,
				3EC1A7AE2A6C58D4000C8690 /* FirebaseDynamicLinks */,
				3EC1A7B02A6C58D4000C8690 /* FirebaseFirestore */,
				3EC1A7B22A6C58D4000C8690 /* FirebaseFirestoreCombine-Community */,
				3EC1A7B42A6C58D4000C8690 /* FirebaseFirestoreSwift */,
				3EC1A7B62A6C58D4000C8690 /* FirebaseFunctions */,
				3EC1A7B82A6C58D4000C8690 /* FirebaseFunctionsCombine-Community */,
				3EC1A7BA2A6C58D4000C8690 /* FirebaseInAppMessaging-Beta */,
				3EC1A7BC2A6C58D4000C8690 /* FirebaseInAppMessagingSwift-Beta */,
				3EC1A7BE2A6C58D4000C8690 /* FirebaseInstallations */,
				3EC1A7C02A6C58D4000C8690 /* FirebaseMLModelDownloader */,
				3EC1A7C22A6C58D4000C8690 /* FirebaseMessaging */,
				3EC1A7C42A6C58D4000C8690 /* FirebasePerformance */,
				3EC1A7C62A6C58D4000C8690 /* FirebaseRemoteConfig */,
				3EC1A7C82A6C58D4000C8690 /* FirebaseRemoteConfigSwift */,
				3EC1A7CA2A6C58D4000C8690 /* FirebaseStorage */,
				3EC1A7CC2A6C58D4000C8690 /* FirebaseStorageCombine-Community */,
				A61057FA2A7B05D900C90E36 /* GoogleSignIn */,
				A61057FC2A7B05D900C90E36 /* GoogleSignInSwift */,
			);
			productName = TeenfullyApp;
			productReference = 3E987E2A2A68C07C005FD9B0 /* TeenfullyApp.app */;
			productType = "com.apple.product-type.application";
		};
		3E987E392A68C07D005FD9B0 /* TeenfullyAppTests */ = {
			isa = PBXNativeTarget;
			buildConfigurationList = 3E987E512A68C07D005FD9B0 /* Build configuration list for PBXNativeTarget "TeenfullyAppTests" */;
			buildPhases = (
				3E987E362A68C07D005FD9B0 /* Sources */,
				3E987E372A68C07D005FD9B0 /* Frameworks */,
				3E987E382A68C07D005FD9B0 /* Resources */,
			);
			buildRules = (
			);
			dependencies = (
				3E987E3C2A68C07D005FD9B0 /* PBXTargetDependency */,
			);
			name = TeenfullyAppTests;
			productName = TeenfullyAppTests;
			productReference = 3E987E3A2A68C07D005FD9B0 /* TeenfullyAppTests.xctest */;
			productType = "com.apple.product-type.bundle.unit-test";
		};
		3E987E432A68C07D005FD9B0 /* TeenfullyAppUITests */ = {
			isa = PBXNativeTarget;
			buildConfigurationList = 3E987E542A68C07D005FD9B0 /* Build configuration list for PBXNativeTarget "TeenfullyAppUITests" */;
			buildPhases = (
				3E987E402A68C07D005FD9B0 /* Sources */,
				3E987E412A68C07D005FD9B0 /* Frameworks */,
				3E987E422A68C07D005FD9B0 /* Resources */,
			);
			buildRules = (
			);
			dependencies = (
				3E987E462A68C07D005FD9B0 /* PBXTargetDependency */,
			);
			name = TeenfullyAppUITests;
			productName = TeenfullyAppUITests;
			productReference = 3E987E442A68C07D005FD9B0 /* TeenfullyAppUITests.xctest */;
			productType = "com.apple.product-type.bundle.ui-testing";
		};
/* End PBXNativeTarget section */

/* Begin PBXProject section */
		3E987E222A68C07C005FD9B0 /* Project object */ = {
			isa = PBXProject;
			attributes = {
				BuildIndependentTargetsInParallel = 1;
				LastSwiftUpdateCheck = 1430;
				LastUpgradeCheck = 1430;
				TargetAttributes = {
					3E987E292A68C07C005FD9B0 = {
						CreatedOnToolsVersion = 14.3.1;
					};
					3E987E392A68C07D005FD9B0 = {
						CreatedOnToolsVersion = 14.3.1;
						TestTargetID = 3E987E292A68C07C005FD9B0;
					};
					3E987E432A68C07D005FD9B0 = {
						CreatedOnToolsVersion = 14.3.1;
						TestTargetID = 3E987E292A68C07C005FD9B0;
					};
				};
			};
			buildConfigurationList = 3E987E252A68C07C005FD9B0 /* Build configuration list for PBXProject "TeenfullyApp" */;
			compatibilityVersion = "Xcode 14.0";
			developmentRegion = en;
			hasScannedForEncodings = 0;
			knownRegions = (
				en,
				Base,
			);
			mainGroup = 3E987E212A68C07C005FD9B0;
			packageReferences = (
				3EC1A7972A6C58D4000C8690 /* XCRemoteSwiftPackageReference "firebase-ios-sdk" */,
				A61057F92A7B05D900C90E36 /* XCRemoteSwiftPackageReference "GoogleSignIn-iOS" */,
			);
			productRefGroup = 3E987E2B2A68C07C005FD9B0 /* Products */;
			projectDirPath = "";
			projectRoot = "";
			targets = (
				3E987E292A68C07C005FD9B0 /* TeenfullyApp */,
				3E987E392A68C07D005FD9B0 /* TeenfullyAppTests */,
				3E987E432A68C07D005FD9B0 /* TeenfullyAppUITests */,
			);
		};
/* End PBXProject section */

/* Begin PBXResourcesBuildPhase section */
		3E987E282A68C07C005FD9B0 /* Resources */ = {
			isa = PBXResourcesBuildPhase;
			buildActionMask = 2147483647;
			files = (
				3E987E352A68C07D005FD9B0 /* Preview Assets.xcassets in Resources */,
				3EB97A5A2A6F691E0089C80B /* dailyQuestionData.json in Resources */,
				3E987E322A68C07D005FD9B0 /* Assets.xcassets in Resources */,
				A6EAB8C92A7DA10700B5AEBC /* articles.json in Resources */,
				3E46A4A12A6F251C0077EB2D /* userData.json in Resources */,
				3E3FBD182A840A280062D2FB /* GoogleService-Info.plist in Resources */,
			);
			runOnlyForDeploymentPostprocessing = 0;
		};
		3E987E382A68C07D005FD9B0 /* Resources */ = {
			isa = PBXResourcesBuildPhase;
			buildActionMask = 2147483647;
			files = (
				3E3FBD192A840A280062D2FB /* GoogleService-Info.plist in Resources */,
			);
			runOnlyForDeploymentPostprocessing = 0;
		};
		3E987E422A68C07D005FD9B0 /* Resources */ = {
			isa = PBXResourcesBuildPhase;
			buildActionMask = 2147483647;
			files = (
				3E3FBD1A2A840A280062D2FB /* GoogleService-Info.plist in Resources */,
			);
			runOnlyForDeploymentPostprocessing = 0;
		};
/* End PBXResourcesBuildPhase section */

/* Begin PBXSourcesBuildPhase section */
		3E987E262A68C07C005FD9B0 /* Sources */ = {
			isa = PBXSourcesBuildPhase;
			buildActionMask = 2147483647;
			files = (
				3EC1A7592A6C0D51000C8690 /* SignInView.swift in Sources */,
				3EF9A5E02A70B5190095C20A /* Habits.swift in Sources */,
				3EF9A5DB2A7062100095C20A /* EmailPwdSignIn.swift in Sources */,
				3EF9A5D92A7012AC0095C20A /* TestEmailView.swift in Sources */,
				3EF9A5D32A700F280095C20A /* UserModel.swift in Sources */,
				3EB97A5C2A6F6C750089C80B /* ThreeQuestionView.swift in Sources */,
				3E46A4972A6EB95A0077EB2D /* StreakView.swift in Sources */,
				3E987E5D2A68CA8F005FD9B0 /* habitBuilderView.swift in Sources */,
				3E46A49D2A6F1D850077EB2D /* UserData.swift in Sources */,
				A6EAB8CD2A7DABCA00B5AEBC /* ArticleView.swift in Sources */,
				3EF9A5DD2A70A98F0095C20A /* LinkLess.swift in Sources */,
				3E46A49F2A6F22510077EB2D /* ModelData.swift in Sources */,
				A6EAB8CB2A7DA12500B5AEBC /* Article.swift in Sources */,
				3E6EF4122A843C1A00333226 /* Measure.swift in Sources */,
				A61058012A7C7EEC00C90E36 /* FirebaseManager.swift in Sources */,
				3E4860902A6C86250074AC7C /* EmailView.swift in Sources */,
				3E46A4952A6EAB5A0077EB2D /* ProfilePicture.swift in Sources */,
				3EB85BFE2A714CC500D20273 /* MeditateBox.swift in Sources */,
				3E987E632A68CBB3005FD9B0 /* libraryView.swift in Sources */,
				3E987E5B2A68C1C6005FD9B0 /* dailyCheckinView.swift in Sources */,
				3EB97A512A6F579F0089C80B /* HomeScreenView.swift in Sources */,
				A6EAB8C72A7DA05E00B5AEBC /* Articles.swift in Sources */,
				3E987E2E2A68C07C005FD9B0 /* TeenfullyAppApp.swift in Sources */,
				3EB97A562A6F5ED80089C80B /* TwoQuestionView.swift in Sources */,
				3E987E612A68CB8B005FD9B0 /* meditatingView.swift in Sources */,
				3EB97A532A6F57FD0089C80B /* ContentView.swift in Sources */,
				3E46A49A2A6EBDB10077EB2D /* ProfileInterface.swift in Sources */,
				3E46A4922A6EA9B00077EB2D /* AccountTab.swift in Sources */,
				A61057FF2A7C1F3400C90E36 /* SignUpView.swift in Sources */,
				3EB97A582A6F67200089C80B /* Questions.swift in Sources */,
				3E987E5F2A68CB46005FD9B0 /* meditateView.swift in Sources */,
			);
			runOnlyForDeploymentPostprocessing = 0;
		};
		3E987E362A68C07D005FD9B0 /* Sources */ = {
			isa = PBXSourcesBuildPhase;
			buildActionMask = 2147483647;
			files = (
				3E987E3F2A68C07D005FD9B0 /* TeenfullyAppTests.swift in Sources */,
			);
			runOnlyForDeploymentPostprocessing = 0;
		};
		3E987E402A68C07D005FD9B0 /* Sources */ = {
			isa = PBXSourcesBuildPhase;
			buildActionMask = 2147483647;
			files = (
				3E987E492A68C07D005FD9B0 /* TeenfullyAppUITests.swift in Sources */,
				3E987E4B2A68C07D005FD9B0 /* TeenfullyAppUITestsLaunchTests.swift in Sources */,
			);
			runOnlyForDeploymentPostprocessing = 0;
		};
/* End PBXSourcesBuildPhase section */

/* Begin PBXTargetDependency section */
		3E987E3C2A68C07D005FD9B0 /* PBXTargetDependency */ = {
			isa = PBXTargetDependency;
			target = 3E987E292A68C07C005FD9B0 /* TeenfullyApp */;
			targetProxy = 3E987E3B2A68C07D005FD9B0 /* PBXContainerItemProxy */;
		};
		3E987E462A68C07D005FD9B0 /* PBXTargetDependency */ = {
			isa = PBXTargetDependency;
			target = 3E987E292A68C07C005FD9B0 /* TeenfullyApp */;
			targetProxy = 3E987E452A68C07D005FD9B0 /* PBXContainerItemProxy */;
		};
/* End PBXTargetDependency section */

/* Begin XCBuildConfiguration section */
		3E987E4C2A68C07D005FD9B0 /* Debug */ = {
			isa = XCBuildConfiguration;
			buildSettings = {
				ALWAYS_SEARCH_USER_PATHS = NO;
				CLANG_ANALYZER_NONNULL = YES;
				CLANG_ANALYZER_NUMBER_OBJECT_CONVERSION = YES_AGGRESSIVE;
				CLANG_CXX_LANGUAGE_STANDARD = "gnu++20";
				CLANG_ENABLE_MODULES = YES;
				CLANG_ENABLE_OBJC_ARC = YES;
				CLANG_ENABLE_OBJC_WEAK = YES;
				CLANG_WARN_BLOCK_CAPTURE_AUTORELEASING = YES;
				CLANG_WARN_BOOL_CONVERSION = YES;
				CLANG_WARN_COMMA = YES;
				CLANG_WARN_CONSTANT_CONVERSION = YES;
				CLANG_WARN_DEPRECATED_OBJC_IMPLEMENTATIONS = YES;
				CLANG_WARN_DIRECT_OBJC_ISA_USAGE = YES_ERROR;
				CLANG_WARN_DOCUMENTATION_COMMENTS = YES;
				CLANG_WARN_EMPTY_BODY = YES;
				CLANG_WARN_ENUM_CONVERSION = YES;
				CLANG_WARN_INFINITE_RECURSION = YES;
				CLANG_WARN_INT_CONVERSION = YES;
				CLANG_WARN_NON_LITERAL_NULL_CONVERSION = YES;
				CLANG_WARN_OBJC_IMPLICIT_RETAIN_SELF = YES;
				CLANG_WARN_OBJC_LITERAL_CONVERSION = YES;
				CLANG_WARN_OBJC_ROOT_CLASS = YES_ERROR;
				CLANG_WARN_QUOTED_INCLUDE_IN_FRAMEWORK_HEADER = YES;
				CLANG_WARN_RANGE_LOOP_ANALYSIS = YES;
				CLANG_WARN_STRICT_PROTOTYPES = YES;
				CLANG_WARN_SUSPICIOUS_MOVE = YES;
				CLANG_WARN_UNGUARDED_AVAILABILITY = YES_AGGRESSIVE;
				CLANG_WARN_UNREACHABLE_CODE = YES;
				CLANG_WARN__DUPLICATE_METHOD_MATCH = YES;
				COPY_PHASE_STRIP = NO;
				DEBUG_INFORMATION_FORMAT = dwarf;
				ENABLE_STRICT_OBJC_MSGSEND = YES;
				ENABLE_TESTABILITY = YES;
				GCC_C_LANGUAGE_STANDARD = gnu11;
				GCC_DYNAMIC_NO_PIC = NO;
				GCC_NO_COMMON_BLOCKS = YES;
				GCC_OPTIMIZATION_LEVEL = 0;
				GCC_PREPROCESSOR_DEFINITIONS = (
					"DEBUG=1",
					"$(inherited)",
				);
				GCC_WARN_64_TO_32_BIT_CONVERSION = YES;
				GCC_WARN_ABOUT_RETURN_TYPE = YES_ERROR;
				GCC_WARN_UNDECLARED_SELECTOR = YES;
				GCC_WARN_UNINITIALIZED_AUTOS = YES_AGGRESSIVE;
				GCC_WARN_UNUSED_FUNCTION = YES;
				GCC_WARN_UNUSED_VARIABLE = YES;
				IPHONEOS_DEPLOYMENT_TARGET = 16.4;
				MTL_ENABLE_DEBUG_INFO = INCLUDE_SOURCE;
				MTL_FAST_MATH = YES;
				ONLY_ACTIVE_ARCH = YES;
				SDKROOT = iphoneos;
				SWIFT_ACTIVE_COMPILATION_CONDITIONS = DEBUG;
				SWIFT_OPTIMIZATION_LEVEL = "-Onone";
			};
			name = Debug;
		};
		3E987E4D2A68C07D005FD9B0 /* Release */ = {
			isa = XCBuildConfiguration;
			buildSettings = {
				ALWAYS_SEARCH_USER_PATHS = NO;
				CLANG_ANALYZER_NONNULL = YES;
				CLANG_ANALYZER_NUMBER_OBJECT_CONVERSION = YES_AGGRESSIVE;
				CLANG_CXX_LANGUAGE_STANDARD = "gnu++20";
				CLANG_ENABLE_MODULES = YES;
				CLANG_ENABLE_OBJC_ARC = YES;
				CLANG_ENABLE_OBJC_WEAK = YES;
				CLANG_WARN_BLOCK_CAPTURE_AUTORELEASING = YES;
				CLANG_WARN_BOOL_CONVERSION = YES;
				CLANG_WARN_COMMA = YES;
				CLANG_WARN_CONSTANT_CONVERSION = YES;
				CLANG_WARN_DEPRECATED_OBJC_IMPLEMENTATIONS = YES;
				CLANG_WARN_DIRECT_OBJC_ISA_USAGE = YES_ERROR;
				CLANG_WARN_DOCUMENTATION_COMMENTS = YES;
				CLANG_WARN_EMPTY_BODY = YES;
				CLANG_WARN_ENUM_CONVERSION = YES;
				CLANG_WARN_INFINITE_RECURSION = YES;
				CLANG_WARN_INT_CONVERSION = YES;
				CLANG_WARN_NON_LITERAL_NULL_CONVERSION = YES;
				CLANG_WARN_OBJC_IMPLICIT_RETAIN_SELF = YES;
				CLANG_WARN_OBJC_LITERAL_CONVERSION = YES;
				CLANG_WARN_OBJC_ROOT_CLASS = YES_ERROR;
				CLANG_WARN_QUOTED_INCLUDE_IN_FRAMEWORK_HEADER = YES;
				CLANG_WARN_RANGE_LOOP_ANALYSIS = YES;
				CLANG_WARN_STRICT_PROTOTYPES = YES;
				CLANG_WARN_SUSPICIOUS_MOVE = YES;
				CLANG_WARN_UNGUARDED_AVAILABILITY = YES_AGGRESSIVE;
				CLANG_WARN_UNREACHABLE_CODE = YES;
				CLANG_WARN__DUPLICATE_METHOD_MATCH = YES;
				COPY_PHASE_STRIP = NO;
				DEBUG_INFORMATION_FORMAT = "dwarf-with-dsym";
				ENABLE_NS_ASSERTIONS = NO;
				ENABLE_STRICT_OBJC_MSGSEND = YES;
				GCC_C_LANGUAGE_STANDARD = gnu11;
				GCC_NO_COMMON_BLOCKS = YES;
				GCC_WARN_64_TO_32_BIT_CONVERSION = YES;
				GCC_WARN_ABOUT_RETURN_TYPE = YES_ERROR;
				GCC_WARN_UNDECLARED_SELECTOR = YES;
				GCC_WARN_UNINITIALIZED_AUTOS = YES_AGGRESSIVE;
				GCC_WARN_UNUSED_FUNCTION = YES;
				GCC_WARN_UNUSED_VARIABLE = YES;
				IPHONEOS_DEPLOYMENT_TARGET = 16.4;
				MTL_ENABLE_DEBUG_INFO = NO;
				MTL_FAST_MATH = YES;
				SDKROOT = iphoneos;
				SWIFT_COMPILATION_MODE = wholemodule;
				SWIFT_OPTIMIZATION_LEVEL = "-O";
				VALIDATE_PRODUCT = YES;
			};
			name = Release;
		};
		3E987E4F2A68C07D005FD9B0 /* Debug */ = {
			isa = XCBuildConfiguration;
			buildSettings = {
				ASSETCATALOG_COMPILER_APPICON_NAME = AppIcon;
				ASSETCATALOG_COMPILER_GLOBAL_ACCENT_COLOR_NAME = AccentColor;
				CODE_SIGN_ENTITLEMENTS = TeenfullyApp/TeenfullyApp.entitlements;
				CODE_SIGN_STYLE = Automatic;
				CURRENT_PROJECT_VERSION = 1;
				DEVELOPMENT_ASSET_PATHS = "\"TeenfullyApp/Preview Content\"";
				ENABLE_PREVIEWS = YES;
				GENERATE_INFOPLIST_FILE = YES;
				INFOPLIST_FILE = TeenfullyApp/Info.plist;
				INFOPLIST_KEY_UIApplicationSceneManifest_Generation = YES;
				INFOPLIST_KEY_UIApplicationSupportsIndirectInputEvents = YES;
				INFOPLIST_KEY_UILaunchScreen_Generation = YES;
				INFOPLIST_KEY_UISupportedInterfaceOrientations_iPad = "UIInterfaceOrientationPortrait UIInterfaceOrientationPortraitUpsideDown UIInterfaceOrientationLandscapeLeft UIInterfaceOrientationLandscapeRight";
				INFOPLIST_KEY_UISupportedInterfaceOrientations_iPhone = "UIInterfaceOrientationPortrait UIInterfaceOrientationLandscapeLeft UIInterfaceOrientationLandscapeRight";
				LD_RUNPATH_SEARCH_PATHS = (
					"$(inherited)",
					"@executable_path/Frameworks",
				);
				MARKETING_VERSION = 1.0;
				PRODUCT_BUNDLE_IDENTIFIER = com.teenfully.TeenfullyApp;
				PRODUCT_NAME = "$(TARGET_NAME)";
				SWIFT_EMIT_LOC_STRINGS = YES;
				SWIFT_VERSION = 5.0;
				TARGETED_DEVICE_FAMILY = "1,2";
			};
			name = Debug;
		};
		3E987E502A68C07D005FD9B0 /* Release */ = {
			isa = XCBuildConfiguration;
			buildSettings = {
				ASSETCATALOG_COMPILER_APPICON_NAME = AppIcon;
				ASSETCATALOG_COMPILER_GLOBAL_ACCENT_COLOR_NAME = AccentColor;
				CODE_SIGN_ENTITLEMENTS = TeenfullyApp/TeenfullyApp.entitlements;
				CODE_SIGN_STYLE = Automatic;
				CURRENT_PROJECT_VERSION = 1;
				DEVELOPMENT_ASSET_PATHS = "\"TeenfullyApp/Preview Content\"";
				ENABLE_PREVIEWS = YES;
				GENERATE_INFOPLIST_FILE = YES;
				INFOPLIST_FILE = TeenfullyApp/Info.plist;
				INFOPLIST_KEY_UIApplicationSceneManifest_Generation = YES;
				INFOPLIST_KEY_UIApplicationSupportsIndirectInputEvents = YES;
				INFOPLIST_KEY_UILaunchScreen_Generation = YES;
				INFOPLIST_KEY_UISupportedInterfaceOrientations_iPad = "UIInterfaceOrientationPortrait UIInterfaceOrientationPortraitUpsideDown UIInterfaceOrientationLandscapeLeft UIInterfaceOrientationLandscapeRight";
				INFOPLIST_KEY_UISupportedInterfaceOrientations_iPhone = "UIInterfaceOrientationPortrait UIInterfaceOrientationLandscapeLeft UIInterfaceOrientationLandscapeRight";
				LD_RUNPATH_SEARCH_PATHS = (
					"$(inherited)",
					"@executable_path/Frameworks",
				);
				MARKETING_VERSION = 1.0;
				PRODUCT_BUNDLE_IDENTIFIER = com.teenfully.TeenfullyApp;
				PRODUCT_NAME = "$(TARGET_NAME)";
				SWIFT_EMIT_LOC_STRINGS = YES;
				SWIFT_VERSION = 5.0;
				TARGETED_DEVICE_FAMILY = "1,2";
			};
			name = Release;
		};
		3E987E522A68C07D005FD9B0 /* Debug */ = {
			isa = XCBuildConfiguration;
			buildSettings = {
				ALWAYS_EMBED_SWIFT_STANDARD_LIBRARIES = YES;
				BUNDLE_LOADER = "$(TEST_HOST)";
				CODE_SIGN_STYLE = Automatic;
				CURRENT_PROJECT_VERSION = 1;
				GENERATE_INFOPLIST_FILE = YES;
				IPHONEOS_DEPLOYMENT_TARGET = 16.4;
				MARKETING_VERSION = 1.0;
				PRODUCT_BUNDLE_IDENTIFIER = com.teenfully.TeenfullyAppTests;
				PRODUCT_NAME = "$(TARGET_NAME)";
				SWIFT_EMIT_LOC_STRINGS = NO;
				SWIFT_VERSION = 5.0;
				TARGETED_DEVICE_FAMILY = "1,2";
				TEST_HOST = "$(BUILT_PRODUCTS_DIR)/TeenfullyApp.app/$(BUNDLE_EXECUTABLE_FOLDER_PATH)/TeenfullyApp";
			};
			name = Debug;
		};
		3E987E532A68C07D005FD9B0 /* Release */ = {
			isa = XCBuildConfiguration;
			buildSettings = {
				ALWAYS_EMBED_SWIFT_STANDARD_LIBRARIES = YES;
				BUNDLE_LOADER = "$(TEST_HOST)";
				CODE_SIGN_STYLE = Automatic;
				CURRENT_PROJECT_VERSION = 1;
				GENERATE_INFOPLIST_FILE = YES;
				IPHONEOS_DEPLOYMENT_TARGET = 16.4;
				MARKETING_VERSION = 1.0;
				PRODUCT_BUNDLE_IDENTIFIER = com.teenfully.TeenfullyAppTests;
				PRODUCT_NAME = "$(TARGET_NAME)";
				SWIFT_EMIT_LOC_STRINGS = NO;
				SWIFT_VERSION = 5.0;
				TARGETED_DEVICE_FAMILY = "1,2";
				TEST_HOST = "$(BUILT_PRODUCTS_DIR)/TeenfullyApp.app/$(BUNDLE_EXECUTABLE_FOLDER_PATH)/TeenfullyApp";
			};
			name = Release;
		};
		3E987E552A68C07D005FD9B0 /* Debug */ = {
			isa = XCBuildConfiguration;
			buildSettings = {
				ALWAYS_EMBED_SWIFT_STANDARD_LIBRARIES = YES;
				CODE_SIGN_STYLE = Automatic;
				CURRENT_PROJECT_VERSION = 1;
				GENERATE_INFOPLIST_FILE = YES;
				MARKETING_VERSION = 1.0;
				PRODUCT_BUNDLE_IDENTIFIER = com.teenfully.TeenfullyAppUITests;
				PRODUCT_NAME = "$(TARGET_NAME)";
				SWIFT_EMIT_LOC_STRINGS = NO;
				SWIFT_VERSION = 5.0;
				TARGETED_DEVICE_FAMILY = "1,2";
				TEST_TARGET_NAME = TeenfullyApp;
			};
			name = Debug;
		};
		3E987E562A68C07D005FD9B0 /* Release */ = {
			isa = XCBuildConfiguration;
			buildSettings = {
				ALWAYS_EMBED_SWIFT_STANDARD_LIBRARIES = YES;
				CODE_SIGN_STYLE = Automatic;
				CURRENT_PROJECT_VERSION = 1;
				GENERATE_INFOPLIST_FILE = YES;
				MARKETING_VERSION = 1.0;
				PRODUCT_BUNDLE_IDENTIFIER = com.teenfully.TeenfullyAppUITests;
				PRODUCT_NAME = "$(TARGET_NAME)";
				SWIFT_EMIT_LOC_STRINGS = NO;
				SWIFT_VERSION = 5.0;
				TARGETED_DEVICE_FAMILY = "1,2";
				TEST_TARGET_NAME = TeenfullyApp;
			};
			name = Release;
		};
/* End XCBuildConfiguration section */

/* Begin XCConfigurationList section */
		3E987E252A68C07C005FD9B0 /* Build configuration list for PBXProject "TeenfullyApp" */ = {
			isa = XCConfigurationList;
			buildConfigurations = (
				3E987E4C2A68C07D005FD9B0 /* Debug */,
				3E987E4D2A68C07D005FD9B0 /* Release */,
			);
			defaultConfigurationIsVisible = 0;
			defaultConfigurationName = Release;
		};
		3E987E4E2A68C07D005FD9B0 /* Build configuration list for PBXNativeTarget "TeenfullyApp" */ = {
			isa = XCConfigurationList;
			buildConfigurations = (
				3E987E4F2A68C07D005FD9B0 /* Debug */,
				3E987E502A68C07D005FD9B0 /* Release */,
			);
			defaultConfigurationIsVisible = 0;
			defaultConfigurationName = Release;
		};
		3E987E512A68C07D005FD9B0 /* Build configuration list for PBXNativeTarget "TeenfullyAppTests" */ = {
			isa = XCConfigurationList;
			buildConfigurations = (
				3E987E522A68C07D005FD9B0 /* Debug */,
				3E987E532A68C07D005FD9B0 /* Release */,
			);
			defaultConfigurationIsVisible = 0;
			defaultConfigurationName = Release;
		};
		3E987E542A68C07D005FD9B0 /* Build configuration list for PBXNativeTarget "TeenfullyAppUITests" */ = {
			isa = XCConfigurationList;
			buildConfigurations = (
				3E987E552A68C07D005FD9B0 /* Debug */,
				3E987E562A68C07D005FD9B0 /* Release */,
			);
			defaultConfigurationIsVisible = 0;
			defaultConfigurationName = Release;
		};
/* End XCConfigurationList section */

/* Begin XCRemoteSwiftPackageReference section */
		3EC1A7972A6C58D4000C8690 /* XCRemoteSwiftPackageReference "firebase-ios-sdk" */ = {
			isa = XCRemoteSwiftPackageReference;
			repositoryURL = "https://github.com/firebase/firebase-ios-sdk";
			requirement = {
				kind = upToNextMajorVersion;
				minimumVersion = 10.0.0;
			};
		};
		A61057F92A7B05D900C90E36 /* XCRemoteSwiftPackageReference "GoogleSignIn-iOS" */ = {
			isa = XCRemoteSwiftPackageReference;
			repositoryURL = "https://github.com/google/GoogleSignIn-iOS";
			requirement = {
				kind = upToNextMajorVersion;
				minimumVersion = 7.0.0;
			};
		};
/* End XCRemoteSwiftPackageReference section */

/* Begin XCSwiftPackageProductDependency section */
		3EC1A7982A6C58D4000C8690 /* FirebaseAnalytics */ = {
			isa = XCSwiftPackageProductDependency;
			package = 3EC1A7972A6C58D4000C8690 /* XCRemoteSwiftPackageReference "firebase-ios-sdk" */;
			productName = FirebaseAnalytics;
		};
		3EC1A79A2A6C58D4000C8690 /* FirebaseAnalyticsOnDeviceConversion */ = {
			isa = XCSwiftPackageProductDependency;
			package = 3EC1A7972A6C58D4000C8690 /* XCRemoteSwiftPackageReference "firebase-ios-sdk" */;
			productName = FirebaseAnalyticsOnDeviceConversion;
		};
		3EC1A79C2A6C58D4000C8690 /* FirebaseAnalyticsSwift */ = {
			isa = XCSwiftPackageProductDependency;
			package = 3EC1A7972A6C58D4000C8690 /* XCRemoteSwiftPackageReference "firebase-ios-sdk" */;
			productName = FirebaseAnalyticsSwift;
		};
		3EC1A79E2A6C58D4000C8690 /* FirebaseAnalyticsWithoutAdIdSupport */ = {
			isa = XCSwiftPackageProductDependency;
			package = 3EC1A7972A6C58D4000C8690 /* XCRemoteSwiftPackageReference "firebase-ios-sdk" */;
			productName = FirebaseAnalyticsWithoutAdIdSupport;
		};
		3EC1A7A02A6C58D4000C8690 /* FirebaseAppCheck */ = {
			isa = XCSwiftPackageProductDependency;
			package = 3EC1A7972A6C58D4000C8690 /* XCRemoteSwiftPackageReference "firebase-ios-sdk" */;
			productName = FirebaseAppCheck;
		};
		3EC1A7A22A6C58D4000C8690 /* FirebaseAppDistribution-Beta */ = {
			isa = XCSwiftPackageProductDependency;
			package = 3EC1A7972A6C58D4000C8690 /* XCRemoteSwiftPackageReference "firebase-ios-sdk" */;
			productName = "FirebaseAppDistribution-Beta";
		};
		3EC1A7A42A6C58D4000C8690 /* FirebaseAuth */ = {
			isa = XCSwiftPackageProductDependency;
			package = 3EC1A7972A6C58D4000C8690 /* XCRemoteSwiftPackageReference "firebase-ios-sdk" */;
			productName = FirebaseAuth;
		};
		3EC1A7A62A6C58D4000C8690 /* FirebaseAuthCombine-Community */ = {
			isa = XCSwiftPackageProductDependency;
			package = 3EC1A7972A6C58D4000C8690 /* XCRemoteSwiftPackageReference "firebase-ios-sdk" */;
			productName = "FirebaseAuthCombine-Community";
		};
		3EC1A7A82A6C58D4000C8690 /* FirebaseCrashlytics */ = {
			isa = XCSwiftPackageProductDependency;
			package = 3EC1A7972A6C58D4000C8690 /* XCRemoteSwiftPackageReference "firebase-ios-sdk" */;
			productName = FirebaseCrashlytics;
		};
		3EC1A7AA2A6C58D4000C8690 /* FirebaseDatabase */ = {
			isa = XCSwiftPackageProductDependency;
			package = 3EC1A7972A6C58D4000C8690 /* XCRemoteSwiftPackageReference "firebase-ios-sdk" */;
			productName = FirebaseDatabase;
		};
		3EC1A7AC2A6C58D4000C8690 /* FirebaseDatabaseSwift */ = {
			isa = XCSwiftPackageProductDependency;
			package = 3EC1A7972A6C58D4000C8690 /* XCRemoteSwiftPackageReference "firebase-ios-sdk" */;
			productName = FirebaseDatabaseSwift;
		};
		3EC1A7AE2A6C58D4000C8690 /* FirebaseDynamicLinks */ = {
			isa = XCSwiftPackageProductDependency;
			package = 3EC1A7972A6C58D4000C8690 /* XCRemoteSwiftPackageReference "firebase-ios-sdk" */;
			productName = FirebaseDynamicLinks;
		};
		3EC1A7B02A6C58D4000C8690 /* FirebaseFirestore */ = {
			isa = XCSwiftPackageProductDependency;
			package = 3EC1A7972A6C58D4000C8690 /* XCRemoteSwiftPackageReference "firebase-ios-sdk" */;
			productName = FirebaseFirestore;
		};
		3EC1A7B22A6C58D4000C8690 /* FirebaseFirestoreCombine-Community */ = {
			isa = XCSwiftPackageProductDependency;
			package = 3EC1A7972A6C58D4000C8690 /* XCRemoteSwiftPackageReference "firebase-ios-sdk" */;
			productName = "FirebaseFirestoreCombine-Community";
		};
		3EC1A7B42A6C58D4000C8690 /* FirebaseFirestoreSwift */ = {
			isa = XCSwiftPackageProductDependency;
			package = 3EC1A7972A6C58D4000C8690 /* XCRemoteSwiftPackageReference "firebase-ios-sdk" */;
			productName = FirebaseFirestoreSwift;
		};
		3EC1A7B62A6C58D4000C8690 /* FirebaseFunctions */ = {
			isa = XCSwiftPackageProductDependency;
			package = 3EC1A7972A6C58D4000C8690 /* XCRemoteSwiftPackageReference "firebase-ios-sdk" */;
			productName = FirebaseFunctions;
		};
		3EC1A7B82A6C58D4000C8690 /* FirebaseFunctionsCombine-Community */ = {
			isa = XCSwiftPackageProductDependency;
			package = 3EC1A7972A6C58D4000C8690 /* XCRemoteSwiftPackageReference "firebase-ios-sdk" */;
			productName = "FirebaseFunctionsCombine-Community";
		};
		3EC1A7BA2A6C58D4000C8690 /* FirebaseInAppMessaging-Beta */ = {
			isa = XCSwiftPackageProductDependency;
			package = 3EC1A7972A6C58D4000C8690 /* XCRemoteSwiftPackageReference "firebase-ios-sdk" */;
			productName = "FirebaseInAppMessaging-Beta";
		};
		3EC1A7BC2A6C58D4000C8690 /* FirebaseInAppMessagingSwift-Beta */ = {
			isa = XCSwiftPackageProductDependency;
			package = 3EC1A7972A6C58D4000C8690 /* XCRemoteSwiftPackageReference "firebase-ios-sdk" */;
			productName = "FirebaseInAppMessagingSwift-Beta";
		};
		3EC1A7BE2A6C58D4000C8690 /* FirebaseInstallations */ = {
			isa = XCSwiftPackageProductDependency;
			package = 3EC1A7972A6C58D4000C8690 /* XCRemoteSwiftPackageReference "firebase-ios-sdk" */;
			productName = FirebaseInstallations;
		};
		3EC1A7C02A6C58D4000C8690 /* FirebaseMLModelDownloader */ = {
			isa = XCSwiftPackageProductDependency;
			package = 3EC1A7972A6C58D4000C8690 /* XCRemoteSwiftPackageReference "firebase-ios-sdk" */;
			productName = FirebaseMLModelDownloader;
		};
		3EC1A7C22A6C58D4000C8690 /* FirebaseMessaging */ = {
			isa = XCSwiftPackageProductDependency;
			package = 3EC1A7972A6C58D4000C8690 /* XCRemoteSwiftPackageReference "firebase-ios-sdk" */;
			productName = FirebaseMessaging;
		};
		3EC1A7C42A6C58D4000C8690 /* FirebasePerformance */ = {
			isa = XCSwiftPackageProductDependency;
			package = 3EC1A7972A6C58D4000C8690 /* XCRemoteSwiftPackageReference "firebase-ios-sdk" */;
			productName = FirebasePerformance;
		};
		3EC1A7C62A6C58D4000C8690 /* FirebaseRemoteConfig */ = {
			isa = XCSwiftPackageProductDependency;
			package = 3EC1A7972A6C58D4000C8690 /* XCRemoteSwiftPackageReference "firebase-ios-sdk" */;
			productName = FirebaseRemoteConfig;
		};
		3EC1A7C82A6C58D4000C8690 /* FirebaseRemoteConfigSwift */ = {
			isa = XCSwiftPackageProductDependency;
			package = 3EC1A7972A6C58D4000C8690 /* XCRemoteSwiftPackageReference "firebase-ios-sdk" */;
			productName = FirebaseRemoteConfigSwift;
		};
		3EC1A7CA2A6C58D4000C8690 /* FirebaseStorage */ = {
			isa = XCSwiftPackageProductDependency;
			package = 3EC1A7972A6C58D4000C8690 /* XCRemoteSwiftPackageReference "firebase-ios-sdk" */;
			productName = FirebaseStorage;
		};
		3EC1A7CC2A6C58D4000C8690 /* FirebaseStorageCombine-Community */ = {
			isa = XCSwiftPackageProductDependency;
			package = 3EC1A7972A6C58D4000C8690 /* XCRemoteSwiftPackageReference "firebase-ios-sdk" */;
			productName = "FirebaseStorageCombine-Community";
		};
		A61057FA2A7B05D900C90E36 /* GoogleSignIn */ = {
			isa = XCSwiftPackageProductDependency;
			package = A61057F92A7B05D900C90E36 /* XCRemoteSwiftPackageReference "GoogleSignIn-iOS" */;
			productName = GoogleSignIn;
		};
		A61057FC2A7B05D900C90E36 /* GoogleSignInSwift */ = {
			isa = XCSwiftPackageProductDependency;
			package = A61057F92A7B05D900C90E36 /* XCRemoteSwiftPackageReference "GoogleSignIn-iOS" */;
			productName = GoogleSignInSwift;
		};
/* End XCSwiftPackageProductDependency section */
	};
	rootObject = 3E987E222A68C07C005FD9B0 /* Project object */;
}
